
Microsoft Visual Studio Solution File, Format Version 12.00
# Visual Studio Version 17
VisualStudioVersion = 17.5.33627.172
MinimumVisualStudioVersion = 10.0.40219.1
Project("{FAE04EC0-301F-11D3-BF4B-00C04F79EFBC}") = "ASM_1670", "ASM_1670\ASM_1670.csproj", "{B79B1B05-CFC6-46D5-BFE9-8C06D4EA6947}"
EndProject
Global
	GlobalSection(SolutionConfigurationPlatforms) = preSolution
		Debug|Any CPU = Debug|Any CPU
		Release|Any CPU = Release|Any CPU
	EndGlobalSection
	GlobalSection(ProjectConfigurationPlatforms) = postSolution
		{B79B1B05-CFC6-46D5-BFE9-8C06D4EA6947}.Debug|Any CPU.ActiveCfg = Debug|Any CPU
		{B79B1B05-CFC6-46D5-BFE9-8C06D4EA6947}.Debug|Any CPU.Build.0 = Debug|Any CPU
		{B79B1B05-CFC6-46D5-BFE9-8C06D4EA6947}.Release|Any CPU.ActiveCfg = Release|Any CPU
		{B79B1B05-CFC6-46D5-BFE9-8C06D4EA6947}.Release|Any CPU.Build.0 = Release|Any CPU
	EndGlobalSection
	GlobalSection(SolutionProperties) = preSolution
		HideSolutionNode = FALSE
	EndGlobalSection
	GlobalSection(ExtensibilityGlobals) = postSolution
		SolutionGuid = {F45BD294-F033-4393-B58C-49917D25417C}
	EndGlobalSection
EndGlobal
